
Microsoft Visual Studio Solution File, Format Version 12.00
# Visual Studio Version 16
VisualStudioVersion = 16.0.33529.622
MinimumVisualStudioVersion = 10.0.40219.1
Project("{8BC9CEB8-8B4A-11D0-8D11-00A0C91BC942}") = "lab6.2rec", "lab6.2rec.vcxproj", "{D7CA880E-3D6D-43F7-A80E-451E6728A03F}"
EndProject
Project("{8BC9CEB8-8B4A-11D0-8D11-00A0C91BC942}") = "unittest6.2rec", "unittest6.2rec\unittest6.2rec.vcxproj", "{0488D5C1-ABAB-417B-BE83-F4FBDAE10D4A}"
EndProject
Global
	GlobalSection(SolutionConfigurationPlatforms) = preSolution
		Debug|x64 = Debug|x64
		Debug|x86 = Debug|x86
		Release|x64 = Release|x64
		Release|x86 = Release|x86
	EndGlobalSection
	GlobalSection(ProjectConfigurationPlatforms) = postSolution
		{D7CA880E-3D6D-43F7-A80E-451E6728A03F}.Debug|x64.ActiveCfg = Debug|x64
		{D7CA880E-3D6D-43F7-A80E-451E6728A03F}.Debug|x64.Build.0 = Debug|x64
		{D7CA880E-3D6D-43F7-A80E-451E6728A03F}.Debug|x86.ActiveCfg = Debug|Win32
		{D7CA880E-3D6D-43F7-A80E-451E6728A03F}.Debug|x86.Build.0 = Debug|Win32
		{D7CA880E-3D6D-43F7-A80E-451E6728A03F}.Release|x64.ActiveCfg = Release|x64
		{D7CA880E-3D6D-43F7-A80E-451E6728A03F}.Release|x64.Build.0 = Release|x64
		{D7CA880E-3D6D-43F7-A80E-451E6728A03F}.Release|x86.ActiveCfg = Release|Win32
		{D7CA880E-3D6D-43F7-A80E-451E6728A03F}.Release|x86.Build.0 = Release|Win32
		{0488D5C1-ABAB-417B-BE83-F4FBDAE10D4A}.Debug|x64.ActiveCfg = Debug|x64
		{0488D5C1-ABAB-417B-BE83-F4FBDAE10D4A}.Debug|x64.Build.0 = Debug|x64
		{0488D5C1-ABAB-417B-BE83-F4FBDAE10D4A}.Debug|x86.ActiveCfg = Debug|Win32
		{0488D5C1-ABAB-417B-BE83-F4FBDAE10D4A}.Debug|x86.Build.0 = Debug|Win32
		{0488D5C1-ABAB-417B-BE83-F4FBDAE10D4A}.Release|x64.ActiveCfg = Release|x64
		{0488D5C1-ABAB-417B-BE83-F4FBDAE10D4A}.Release|x64.Build.0 = Release|x64
		{0488D5C1-ABAB-417B-BE83-F4FBDAE10D4A}.Release|x86.ActiveCfg = Release|Win32
		{0488D5C1-ABAB-417B-BE83-F4FBDAE10D4A}.Release|x86.Build.0 = Release|Win32
	EndGlobalSection
	GlobalSection(SolutionProperties) = preSolution
		HideSolutionNode = FALSE
	EndGlobalSection
	GlobalSection(ExtensibilityGlobals) = postSolution
		SolutionGuid = {F00FFA4D-DAD3-417E-9632-9754BAFA1A36}
	EndGlobalSection
EndGlobal
